
Microsoft Visual Studio Solution File, Format Version 12.00
# Visual Studio Version 17
VisualStudioVersion = 17.10.35027.167
MinimumVisualStudioVersion = 10.0.40219.1
Project("{9A19103F-16F7-4668-BE54-9A1E7A4F7556}") = "WinDLMSClientApp", "WinDLMSClientApp.csproj", "{ADA49416-500D-4703-ABF7-636156F59E6D}"
EndProject
Global
	GlobalSection(SolutionConfigurationPlatforms) = preSolution
		Debug|Any CPU = Debug|Any CPU
		Debug|x64 = Debug|x64
		Release|Any CPU = Release|Any CPU
		Release|x64 = Release|x64
	EndGlobalSection
	GlobalSection(ProjectConfigurationPlatforms) = postSolution
		{ADA49416-500D-4703-ABF7-636156F59E6D}.Debug|Any CPU.ActiveCfg = Debug|Any CPU
		{ADA49416-500D-4703-ABF7-636156F59E6D}.Debug|Any CPU.Build.0 = Debug|Any CPU
		{ADA49416-500D-4703-ABF7-636156F59E6D}.Debug|x64.ActiveCfg = Debug|x64
		{ADA49416-500D-4703-ABF7-636156F59E6D}.Debug|x64.Build.0 = Debug|x64
		{ADA49416-500D-4703-ABF7-636156F59E6D}.Release|Any CPU.ActiveCfg = Release|Any CPU
		{ADA49416-500D-4703-ABF7-636156F59E6D}.Release|Any CPU.Build.0 = Release|Any CPU
		{ADA49416-500D-4703-ABF7-636156F59E6D}.Release|x64.ActiveCfg = Release|Any CPU
		{ADA49416-500D-4703-ABF7-636156F59E6D}.Release|x64.Build.0 = Release|Any CPU
	EndGlobalSection
	GlobalSection(SolutionProperties) = preSolution
		HideSolutionNode = FALSE
	EndGlobalSection
	GlobalSection(ExtensibilityGlobals) = postSolution
		SolutionGuid = {6B99B122-04A4-4DF0-8E8A-FD372B7FB6E1}
	EndGlobalSection
EndGlobal
